
Microsoft Visual Studio Solution File, Format Version 12.00
# Visual Studio 2012
Project("{FAE04EC0-301F-11D3-BF4B-00C04F79EFBC}") = "sharpLightFtp", "sharpLightFtp\sharpLightFtp.csproj", "{AEB3DA47-5A6C-438C-B863-D9754F62AFBF}"
EndProject
Project("{FAE04EC0-301F-11D3-BF4B-00C04F79EFBC}") = "sharpLightFtp.Demo", "sharpLightFtp.Demo\sharpLightFtp.Demo.csproj", "{7A732F6F-543F-4CB1-9C99-9CC04A4E0AA7}"
EndProject
Project("{FAE04EC0-301F-11D3-BF4B-00C04F79EFBC}") = "sharpLightFtp.Demo.Web", "sharpLightFtp.Demo.Web\sharpLightFtp.Demo.Web.csproj", "{B06AB9B3-7EE2-4C6A-AD38-FE1D38F46325}"
EndProject
Project("{FAE04EC0-301F-11D3-BF4B-00C04F79EFBC}") = "sharpLightFtp.Test", "sharpLightFtp.Test\sharpLightFtp.Test.csproj", "{9ECA9C8B-7FFF-4C0B-9A3A-EE416586F968}"
EndProject
Project("{2150E333-8FDC-42A3-9474-1A3956D46DE8}") = ".nuget", ".nuget", "{37D27F96-AA34-4B0E-B611-7B5DC086B43B}"
	ProjectSection(SolutionItems) = preProject
		.nuget\NuGet.Config = .nuget\NuGet.Config
		.nuget\NuGet.exe = .nuget\NuGet.exe
		.nuget\NuGet.targets = .nuget\NuGet.targets
	EndProjectSection
EndProject
Project("{FAE04EC0-301F-11D3-BF4B-00C04F79EFBC}") = "sharpLightFtp.NuGetPackage", "sharpLightFtp.NuGetPackage\sharpLightFtp.NuGetPackage.csproj", "{712C27B0-B62F-4730-84A3-58B190CA7942}"
EndProject
Project("{2150E333-8FDC-42A3-9474-1A3956D46DE8}") = "Solution Items", "Solution Items", "{98EF6BA9-CA65-4187-8A23-6DF0493C9366}"
	ProjectSection(SolutionItems) = preProject
		README.md = README.md
	EndProjectSection
EndProject
Global
	GlobalSection(SolutionConfigurationPlatforms) = preSolution
		Debug|Any CPU = Debug|Any CPU
		Release|Any CPU = Release|Any CPU
	EndGlobalSection
	GlobalSection(ProjectConfigurationPlatforms) = postSolution
		{AEB3DA47-5A6C-438C-B863-D9754F62AFBF}.Debug|Any CPU.ActiveCfg = Debug|Any CPU
		{AEB3DA47-5A6C-438C-B863-D9754F62AFBF}.Debug|Any CPU.Build.0 = Debug|Any CPU
		{AEB3DA47-5A6C-438C-B863-D9754F62AFBF}.Release|Any CPU.ActiveCfg = Release|Any CPU
		{AEB3DA47-5A6C-438C-B863-D9754F62AFBF}.Release|Any CPU.Build.0 = Release|Any CPU
		{7A732F6F-543F-4CB1-9C99-9CC04A4E0AA7}.Debug|Any CPU.ActiveCfg = Debug|Any CPU
		{7A732F6F-543F-4CB1-9C99-9CC04A4E0AA7}.Debug|Any CPU.Build.0 = Debug|Any CPU
		{7A732F6F-543F-4CB1-9C99-9CC04A4E0AA7}.Release|Any CPU.ActiveCfg = Release|Any CPU
		{7A732F6F-543F-4CB1-9C99-9CC04A4E0AA7}.Release|Any CPU.Build.0 = Release|Any CPU
		{B06AB9B3-7EE2-4C6A-AD38-FE1D38F46325}.Debug|Any CPU.ActiveCfg = Debug|Any CPU
		{B06AB9B3-7EE2-4C6A-AD38-FE1D38F46325}.Debug|Any CPU.Build.0 = Debug|Any CPU
		{B06AB9B3-7EE2-4C6A-AD38-FE1D38F46325}.Release|Any CPU.ActiveCfg = Release|Any CPU
		{B06AB9B3-7EE2-4C6A-AD38-FE1D38F46325}.Release|Any CPU.Build.0 = Release|Any CPU
		{9ECA9C8B-7FFF-4C0B-9A3A-EE416586F968}.Debug|Any CPU.ActiveCfg = Debug|Any CPU
		{9ECA9C8B-7FFF-4C0B-9A3A-EE416586F968}.Debug|Any CPU.Build.0 = Debug|Any CPU
		{9ECA9C8B-7FFF-4C0B-9A3A-EE416586F968}.Release|Any CPU.ActiveCfg = Release|Any CPU
		{9ECA9C8B-7FFF-4C0B-9A3A-EE416586F968}.Release|Any CPU.Build.0 = Release|Any CPU
		{712C27B0-B62F-4730-84A3-58B190CA7942}.Debug|Any CPU.ActiveCfg = Debug|Any CPU
		{712C27B0-B62F-4730-84A3-58B190CA7942}.Debug|Any CPU.Build.0 = Debug|Any CPU
		{712C27B0-B62F-4730-84A3-58B190CA7942}.Release|Any CPU.ActiveCfg = Release|Any CPU
		{712C27B0-B62F-4730-84A3-58B190CA7942}.Release|Any CPU.Build.0 = Release|Any CPU
	EndGlobalSection
	GlobalSection(SolutionProperties) = preSolution
		HideSolutionNode = FALSE
	EndGlobalSection
EndGlobal
